
Microsoft Visual Studio Solution File, Format Version 12.00
# Visual Studio 15
VisualStudioVersion = 15.0.26124.0
MinimumVisualStudioVersion = 15.0.26124.0
Project("{F2A71F9B-5D33-465A-A702-920D77279786}") = "DataStructsAndAlgos", "DataStructsAndAlgos\DataStructsAndAlgos.fsproj", "{8CDC1FC0-F677-4956-8591-B06D25AD2531}"
EndProject
Project("{F2A71F9B-5D33-465A-A702-920D77279786}") = "DataStructsAndAlgos.Tests", "DataStructsAndAlgos.Tests\DataStructsAndAlgos.Tests.fsproj", "{1240990B-20B4-485E-AE9D-8250CD3D8D8B}"
EndProject
Global
	GlobalSection(SolutionConfigurationPlatforms) = preSolution
		Debug|Any CPU = Debug|Any CPU
		Debug|x64 = Debug|x64
		Debug|x86 = Debug|x86
		Release|Any CPU = Release|Any CPU
		Release|x64 = Release|x64
		Release|x86 = Release|x86
	EndGlobalSection
	GlobalSection(SolutionProperties) = preSolution
		HideSolutionNode = FALSE
	EndGlobalSection
	GlobalSection(ProjectConfigurationPlatforms) = postSolution
		{8CDC1FC0-F677-4956-8591-B06D25AD2531}.Debug|Any CPU.ActiveCfg = Debug|Any CPU
		{8CDC1FC0-F677-4956-8591-B06D25AD2531}.Debug|Any CPU.Build.0 = Debug|Any CPU
		{8CDC1FC0-F677-4956-8591-B06D25AD2531}.Debug|x64.ActiveCfg = Debug|Any CPU
		{8CDC1FC0-F677-4956-8591-B06D25AD2531}.Debug|x64.Build.0 = Debug|Any CPU
		{8CDC1FC0-F677-4956-8591-B06D25AD2531}.Debug|x86.ActiveCfg = Debug|Any CPU
		{8CDC1FC0-F677-4956-8591-B06D25AD2531}.Debug|x86.Build.0 = Debug|Any CPU
		{8CDC1FC0-F677-4956-8591-B06D25AD2531}.Release|Any CPU.ActiveCfg = Release|Any CPU
		{8CDC1FC0-F677-4956-8591-B06D25AD2531}.Release|Any CPU.Build.0 = Release|Any CPU
		{8CDC1FC0-F677-4956-8591-B06D25AD2531}.Release|x64.ActiveCfg = Release|Any CPU
		{8CDC1FC0-F677-4956-8591-B06D25AD2531}.Release|x64.Build.0 = Release|Any CPU
		{8CDC1FC0-F677-4956-8591-B06D25AD2531}.Release|x86.ActiveCfg = Release|Any CPU
		{8CDC1FC0-F677-4956-8591-B06D25AD2531}.Release|x86.Build.0 = Release|Any CPU
		{1240990B-20B4-485E-AE9D-8250CD3D8D8B}.Debug|Any CPU.ActiveCfg = Debug|Any CPU
		{1240990B-20B4-485E-AE9D-8250CD3D8D8B}.Debug|Any CPU.Build.0 = Debug|Any CPU
		{1240990B-20B4-485E-AE9D-8250CD3D8D8B}.Debug|x64.ActiveCfg = Debug|Any CPU
		{1240990B-20B4-485E-AE9D-8250CD3D8D8B}.Debug|x64.Build.0 = Debug|Any CPU
		{1240990B-20B4-485E-AE9D-8250CD3D8D8B}.Debug|x86.ActiveCfg = Debug|Any CPU
		{1240990B-20B4-485E-AE9D-8250CD3D8D8B}.Debug|x86.Build.0 = Debug|Any CPU
		{1240990B-20B4-485E-AE9D-8250CD3D8D8B}.Release|Any CPU.ActiveCfg = Release|Any CPU
		{1240990B-20B4-485E-AE9D-8250CD3D8D8B}.Release|Any CPU.Build.0 = Release|Any CPU
		{1240990B-20B4-485E-AE9D-8250CD3D8D8B}.Release|x64.ActiveCfg = Release|Any CPU
		{1240990B-20B4-485E-AE9D-8250CD3D8D8B}.Release|x64.Build.0 = Release|Any CPU
		{1240990B-20B4-485E-AE9D-8250CD3D8D8B}.Release|x86.ActiveCfg = Release|Any CPU
		{1240990B-20B4-485E-AE9D-8250CD3D8D8B}.Release|x86.Build.0 = Release|Any CPU
	EndGlobalSection
EndGlobal
